<?xml version="1.0" encoding="UTF-8" standalone="yes" ?>
<CodeBlocks_project_file>
	<FileVersion major="1" minor="6" />
	<Project>
		<Option title="2P_Chess" />
		<Option pch_mode="2" />
		<Option compiler="gcc" />
		<Build>
			<Target title="Debug">
				<Option output="bin/Debug/2P_Chess" prefix_auto="1" extension_auto="1" />
				<Option object_output="obj/Debug/" />
				<Option type="1" />
				<Option compiler="gcc" />
				<Compiler>
					<Add option="-g" />
				</Compiler>
			</Target>
			<Target title="Release">
				<Option output="bin/Release/2P_Chess" prefix_auto="1" extension_auto="1" />
				<Option object_output="obj/Release/" />
				<Option type="1" />
				<Option compiler="gcc" />
				<Compiler>
					<Add option="-O2" />
				</Compiler>
				<Linker>
					<Add option="-s" />
				</Linker>
			</Target>
		</Build>
		<Compiler>
			<Add option="-Wall" />
			<Add directory="include/SDL2" />
		</Compiler>
		<Linker>
			<Add option="-lmingw32 -lSDL2main -lSDL2" />
			<Add option="-lmingw32 -lSDL2main -lSDL2_mixer" />
			<Add option="-lmingw32 -lSDL2main -lSDL2_image" />
			<Add option="-lmingw32 -lSDL2main -lSDL2_ttf" />
			<Add directory="lib" />
		</Linker>
		<Unit filename="game.cpp" />
		<Unit filename="game.hpp" />
		<Unit filename="init.cpp" />
		<Unit filename="init.hpp" />
		<Unit filename="main.cpp" />
		<Unit filename="texture.cpp" />
		<Unit filename="texture.hpp" />
		<Extensions>
			<lib_finder disable_auto="1" />
		</Extensions>
	</Project>
</CodeBlocks_project_file>
